<?xml version="1.0" encoding="utf-8"?>
<Project ToolsVersion="4.0" xmlns="http://schemas.microsoft.com/developer/msbuild/2003">
  <ItemGroup>
    <Filter Include="UI">
      <UniqueIdentifier>{67DA6AB6-F800-4c08-8B7A-83BB121AAD01}</UniqueIdentifier>
      <Extensions>rc;ico;cur;bmp;dlg;rc2;rct;bin;rgs;gif;jpg;jpeg;jpe;resx;tiff;tif;png;wav;mfcribbon-ms</Extensions>
    </Filter>
    <Filter Include="App">
      <UniqueIdentifier>{4FC737F1-C7A5-4376-A066-2A32D752A2FF}</UniqueIdentifier>
      <Extensions>cpp;c;cc;cxx;c++;cppm;ixx;def;odl;idl;hpj;bat;asm;asmx</Extensions>
    </Filter>
    <Filter Include="App\Header Files">
      <UniqueIdentifier>{93995380-89BD-4b04-88EB-625FBE52EBFB}</UniqueIdentifier>
      <Extensions>h;hh;hpp;hxx;h++;hm;inl;inc;ipp;xsd</Extensions>
    </Filter>
    <Filter Include="App\Source Files">
      <UniqueIdentifier>{3f56c0da-be92-48c7-af83-6d0318a46ba3}</UniqueIdentifier>
    </Filter>
  </ItemGroup>
  <ItemGroup>
    <ClInclude Include="Source files\App.h">
      <Filter>App\Header Files</Filter>
    </ClInclude>
    <ClInclude Include="Source files\ConfigGlobals.h">
      <Filter>App\Header Files</Filter>
    </ClInclude>
    <ClInclude Include="Source files\FileManager.h">
      <Filter>App\Header Files</Filter>
    </ClInclude>
    <ClInclude Include="Source files\IntroPanel.h">
      <Filter>App\Header Files</Filter>
    </ClInclude>
    <ClInclude Include="Source files\MainFrame.h">
      <Filter>App\Header Files</Filter>
    </ClInclude>
  </ItemGroup>
  <ItemGroup>
    <ClCompile Include="Source files\App.cpp">
      <Filter>App\Source Files</Filter>
    </ClCompile>
    <ClCompile Include="Source files\ConfigGlobals.cpp">
      <Filter>App\Source Files</Filter>
    </ClCompile>
    <ClCompile Include="Source files\IntroPanel.cpp">
      <Filter>App\Source Files</Filter>
    </ClCompile>
    <ClCompile Include="Source files\MainFrame.cpp">
      <Filter>App\Source Files</Filter>
    </ClCompile>
  </ItemGroup>
  <ItemGroup>
    <None Include="UI\MainPanel.wxg" />
  </ItemGroup>
</Project>